// !$*UTF8*$!
{
	archiveVersion = 1;
	classes = {
	};
	objectVersion = 56;
	objects = {

/* Begin PBXBuildFile section */
		F5B5A46228C6EDA1005B6E0F /* MemorizeWidgetApp.swift in Sources */ = {isa = PBXBuildFile; fileRef = F5B5A46128C6EDA1005B6E0F /* MemorizeWidgetApp.swift */; };
		F5B5A46428C6EDA1005B6E0F /* ContentView.swift in Sources */ = {isa = PBXBuildFile; fileRef = F5B5A46328C6EDA1005B6E0F /* ContentView.swift */; };
		F5B5A46628C6EDA3005B6E0F /* Assets.xcassets in Resources */ = {isa = PBXBuildFile; fileRef = F5B5A46528C6EDA3005B6E0F /* Assets.xcassets */; };
		F5B6FED228C99B930045D44A /* Assets.xcassets in Resources */ = {isa = PBXBuildFile; fileRef = F5B5A46528C6EDA3005B6E0F /* Assets.xcassets */; };
		F5B6FEE228C9BDDC0045D44A /* 📣ADView.swift in Sources */ = {isa = PBXBuildFile; fileRef = F5B6FED528C9BDDC0045D44A /* 📣ADView.swift */; };
		F5B6FEE328C9BDDC0045D44A /* 📣AppName.swift in Sources */ = {isa = PBXBuildFile; fileRef = F5B6FED628C9BDDC0045D44A /* 📣AppName.swift */; };
		F5B6FEE428C9BDDC0045D44A /* 📣ADMenu.swift in Sources */ = {isa = PBXBuildFile; fileRef = F5B6FED728C9BDDC0045D44A /* 📣ADMenu.swift */; };
		F5B6FEE528C9BDDC0045D44A /* Launch Screen.storyboard in Resources */ = {isa = PBXBuildFile; fileRef = F5B6FED828C9BDDC0045D44A /* Launch Screen.storyboard */; };
		F5B6FEE628C9BDDC0045D44A /* ℹ️AboutAppMenu.swift in Sources */ = {isa = PBXBuildFile; fileRef = F5B6FEDA28C9BDDC0045D44A /* ℹ️AboutAppMenu.swift */; };
		F5B6FEE728C9BDDC0045D44A /* 📓SourceCodeMenu.swift in Sources */ = {isa = PBXBuildFile; fileRef = F5B6FEDB28C9BDDC0045D44A /* 📓SourceCodeMenu.swift */; };
		F5B6FEE828C9BDDC0045D44A /* 🧑‍💻AboutDeveloperPublisher.swift in Sources */ = {isa = PBXBuildFile; fileRef = F5B6FEDC28C9BDDC0045D44A /* 🧑‍💻AboutDeveloperPublisher.swift */; };
		F5B6FEE928C9BDDC0045D44A /* 📜VersionHistory.swift in Sources */ = {isa = PBXBuildFile; fileRef = F5B6FEDD28C9BDDC0045D44A /* 📜VersionHistory.swift */; };
		F5B6FEEA28C9BDDC0045D44A /* Configuration.storekit in Resources */ = {isa = PBXBuildFile; fileRef = F5B6FEDF28C9BDDC0045D44A /* Configuration.storekit */; };
		F5B6FEEB28C9BDDC0045D44A /* 🛒PurchaseView.swift in Sources */ = {isa = PBXBuildFile; fileRef = F5B6FEE028C9BDDC0045D44A /* 🛒PurchaseView.swift */; };
		F5B6FEEC28C9BDDC0045D44A /* 🛒StoreModel.swift in Sources */ = {isa = PBXBuildFile; fileRef = F5B6FEE128C9BDDC0045D44A /* 🛒StoreModel.swift */; };
		F5B6FEEF28C9CCFE0045D44A /* 🛠MenuTab.swift in Sources */ = {isa = PBXBuildFile; fileRef = F5B6FEEE28C9CCFE0045D44A /* 🛠MenuTab.swift */; };
		F5D30CC828C6F6C8001198AF /* WidgetKit.framework in Frameworks */ = {isa = PBXBuildFile; fileRef = F5D30CC728C6F6C8001198AF /* WidgetKit.framework */; };
		F5D30CCA28C6F6C8001198AF /* SwiftUI.framework in Frameworks */ = {isa = PBXBuildFile; fileRef = F5D30CC928C6F6C8001198AF /* SwiftUI.framework */; };
		F5D30CCD28C6F6C8001198AF /* MWWidget.swift in Sources */ = {isa = PBXBuildFile; fileRef = F5D30CCC28C6F6C8001198AF /* MWWidget.swift */; };
		F5D30CD328C6F6C9001198AF /* MWWidgetExtension.appex in Embed Foundation Extensions */ = {isa = PBXBuildFile; fileRef = F5D30CC528C6F6C8001198AF /* MWWidgetExtension.appex */; settings = {ATTRIBUTES = (RemoveHeadersOnCopy, ); }; };
		F5D30CD928C70546001198AF /* 📱AppModel.swift in Sources */ = {isa = PBXBuildFile; fileRef = F5D30CD828C70546001198AF /* 📱AppModel.swift */; };
		F5D30CDA28C70546001198AF /* 📱AppModel.swift in Sources */ = {isa = PBXBuildFile; fileRef = F5D30CD828C70546001198AF /* 📱AppModel.swift */; };
/* End PBXBuildFile section */

/* Begin PBXContainerItemProxy section */
		F5D30CD128C6F6C9001198AF /* PBXContainerItemProxy */ = {
			isa = PBXContainerItemProxy;
			containerPortal = F5B5A45628C6EDA1005B6E0F /* Project object */;
			proxyType = 1;
			remoteGlobalIDString = F5D30CC428C6F6C8001198AF;
			remoteInfo = MWWidgetExtension;
		};
/* End PBXContainerItemProxy section */

/* Begin PBXCopyFilesBuildPhase section */
		F5D30CD428C6F6C9001198AF /* Embed Foundation Extensions */ = {
			isa = PBXCopyFilesBuildPhase;
			buildActionMask = 2147483647;
			dstPath = "";
			dstSubfolderSpec = 13;
			files = (
				F5D30CD328C6F6C9001198AF /* MWWidgetExtension.appex in Embed Foundation Extensions */,
			);
			name = "Embed Foundation Extensions";
			runOnlyForDeploymentPostprocessing = 0;
		};
/* End PBXCopyFilesBuildPhase section */

/* Begin PBXFileReference section */
		F5B5A45E28C6EDA1005B6E0F /* MemorizeWidget.app */ = {isa = PBXFileReference; explicitFileType = wrapper.application; includeInIndex = 0; path = MemorizeWidget.app; sourceTree = BUILT_PRODUCTS_DIR; };
		F5B5A46128C6EDA1005B6E0F /* MemorizeWidgetApp.swift */ = {isa = PBXFileReference; lastKnownFileType = sourcecode.swift; path = MemorizeWidgetApp.swift; sourceTree = "<group>"; };
		F5B5A46328C6EDA1005B6E0F /* ContentView.swift */ = {isa = PBXFileReference; lastKnownFileType = sourcecode.swift; path = ContentView.swift; sourceTree = "<group>"; };
		F5B5A46528C6EDA3005B6E0F /* Assets.xcassets */ = {isa = PBXFileReference; lastKnownFileType = folder.assetcatalog; path = Assets.xcassets; sourceTree = "<group>"; };
		F5B6FED528C9BDDC0045D44A /* 📣ADView.swift */ = {isa = PBXFileReference; fileEncoding = 4; lastKnownFileType = sourcecode.swift; path = "📣ADView.swift"; sourceTree = "<group>"; };
		F5B6FED628C9BDDC0045D44A /* 📣AppName.swift */ = {isa = PBXFileReference; fileEncoding = 4; lastKnownFileType = sourcecode.swift; path = "📣AppName.swift"; sourceTree = "<group>"; };
		F5B6FED728C9BDDC0045D44A /* 📣ADMenu.swift */ = {isa = PBXFileReference; fileEncoding = 4; lastKnownFileType = sourcecode.swift; path = "📣ADMenu.swift"; sourceTree = "<group>"; };
		F5B6FED828C9BDDC0045D44A /* Launch Screen.storyboard */ = {isa = PBXFileReference; fileEncoding = 4; lastKnownFileType = file.storyboard; path = "Launch Screen.storyboard"; sourceTree = "<group>"; };
		F5B6FEDA28C9BDDC0045D44A /* ℹ️AboutAppMenu.swift */ = {isa = PBXFileReference; fileEncoding = 4; lastKnownFileType = sourcecode.swift; path = "ℹ️AboutAppMenu.swift"; sourceTree = "<group>"; };
		F5B6FEDB28C9BDDC0045D44A /* 📓SourceCodeMenu.swift */ = {isa = PBXFileReference; fileEncoding = 4; lastKnownFileType = sourcecode.swift; path = "📓SourceCodeMenu.swift"; sourceTree = "<group>"; };
		F5B6FEDC28C9BDDC0045D44A /* 🧑‍💻AboutDeveloperPublisher.swift */ = {isa = PBXFileReference; fileEncoding = 4; lastKnownFileType = sourcecode.swift; path = "🧑‍💻AboutDeveloperPublisher.swift"; sourceTree = "<group>"; };
		F5B6FEDD28C9BDDC0045D44A /* 📜VersionHistory.swift */ = {isa = PBXFileReference; fileEncoding = 4; lastKnownFileType = sourcecode.swift; path = "📜VersionHistory.swift"; sourceTree = "<group>"; };
		F5B6FEDF28C9BDDC0045D44A /* Configuration.storekit */ = {isa = PBXFileReference; fileEncoding = 4; lastKnownFileType = text; path = Configuration.storekit; sourceTree = "<group>"; };
		F5B6FEE028C9BDDC0045D44A /* 🛒PurchaseView.swift */ = {isa = PBXFileReference; fileEncoding = 4; lastKnownFileType = sourcecode.swift; path = "🛒PurchaseView.swift"; sourceTree = "<group>"; };
		F5B6FEE128C9BDDC0045D44A /* 🛒StoreModel.swift */ = {isa = PBXFileReference; fileEncoding = 4; lastKnownFileType = sourcecode.swift; path = "🛒StoreModel.swift"; sourceTree = "<group>"; };
		F5B6FEEE28C9CCFE0045D44A /* 🛠MenuTab.swift */ = {isa = PBXFileReference; lastKnownFileType = sourcecode.swift; path = "🛠MenuTab.swift"; sourceTree = "<group>"; };
		F5D30CC528C6F6C8001198AF /* MWWidgetExtension.appex */ = {isa = PBXFileReference; explicitFileType = "wrapper.app-extension"; includeInIndex = 0; path = MWWidgetExtension.appex; sourceTree = BUILT_PRODUCTS_DIR; };
		F5D30CC728C6F6C8001198AF /* WidgetKit.framework */ = {isa = PBXFileReference; lastKnownFileType = wrapper.framework; name = WidgetKit.framework; path = System/Library/Frameworks/WidgetKit.framework; sourceTree = SDKROOT; };
		F5D30CC928C6F6C8001198AF /* SwiftUI.framework */ = {isa = PBXFileReference; lastKnownFileType = wrapper.framework; name = SwiftUI.framework; path = System/Library/Frameworks/SwiftUI.framework; sourceTree = SDKROOT; };
		F5D30CCC28C6F6C8001198AF /* MWWidget.swift */ = {isa = PBXFileReference; lastKnownFileType = sourcecode.swift; path = MWWidget.swift; sourceTree = "<group>"; };
		F5D30CD028C6F6C9001198AF /* Info.plist */ = {isa = PBXFileReference; lastKnownFileType = text.plist.xml; path = Info.plist; sourceTree = "<group>"; };
		F5D30CD828C70546001198AF /* 📱AppModel.swift */ = {isa = PBXFileReference; fileEncoding = 4; lastKnownFileType = sourcecode.swift; path = "📱AppModel.swift"; sourceTree = "<group>"; };
		F5D30CDB28C707F2001198AF /* MemorizeWidget.entitlements */ = {isa = PBXFileReference; lastKnownFileType = text.plist.entitlements; path = MemorizeWidget.entitlements; sourceTree = "<group>"; };
		F5D30CDC28C709D2001198AF /* MWWidgetExtension.entitlements */ = {isa = PBXFileReference; lastKnownFileType = text.plist.entitlements; path = MWWidgetExtension.entitlements; sourceTree = "<group>"; };
/* End PBXFileReference section */

/* Begin PBXFrameworksBuildPhase section */
		F5B5A45B28C6EDA1005B6E0F /* Frameworks */ = {
			isa = PBXFrameworksBuildPhase;
			buildActionMask = 2147483647;
			files = (
			);
			runOnlyForDeploymentPostprocessing = 0;
		};
		F5D30CC228C6F6C8001198AF /* Frameworks */ = {
			isa = PBXFrameworksBuildPhase;
			buildActionMask = 2147483647;
			files = (
				F5D30CCA28C6F6C8001198AF /* SwiftUI.framework in Frameworks */,
				F5D30CC828C6F6C8001198AF /* WidgetKit.framework in Frameworks */,
			);
			runOnlyForDeploymentPostprocessing = 0;
		};
/* End PBXFrameworksBuildPhase section */

/* Begin PBXGroup section */
		F5B5A45528C6EDA1005B6E0F = {
			isa = PBXGroup;
			children = (
				F5B5A46028C6EDA1005B6E0F /* MemorizeWidget */,
				F5D30CCB28C6F6C8001198AF /* MWWidget */,
				F5D30CC628C6F6C8001198AF /* Frameworks */,
				F5B5A45F28C6EDA1005B6E0F /* Products */,
			);
			sourceTree = "<group>";
		};
		F5B5A45F28C6EDA1005B6E0F /* Products */ = {
			isa = PBXGroup;
			children = (
				F5B5A45E28C6EDA1005B6E0F /* MemorizeWidget.app */,
				F5D30CC528C6F6C8001198AF /* MWWidgetExtension.appex */,
			);
			name = Products;
			sourceTree = "<group>";
		};
		F5B5A46028C6EDA1005B6E0F /* MemorizeWidget */ = {
			isa = PBXGroup;
			children = (
				F5B5A46128C6EDA1005B6E0F /* MemorizeWidgetApp.swift */,
				F5B5A46328C6EDA1005B6E0F /* ContentView.swift */,
				F5D30CD828C70546001198AF /* 📱AppModel.swift */,
				F5B6FEEE28C9CCFE0045D44A /* 🛠MenuTab.swift */,
				F5B6FED328C9BDDC0045D44A /* 🧰Others */,
				F5B5A46528C6EDA3005B6E0F /* Assets.xcassets */,
				F5D30CDB28C707F2001198AF /* MemorizeWidget.entitlements */,
			);
			path = MemorizeWidget;
			sourceTree = "<group>";
		};
		F5B6FED328C9BDDC0045D44A /* 🧰Others */ = {
			isa = PBXGroup;
			children = (
				F5B6FED928C9BDDC0045D44A /* ℹ️AboutApp */,
				F5B6FED428C9BDDC0045D44A /* 📣AD */,
				F5B6FEDE28C9BDDC0045D44A /* 🛒InAppPurchase */,
				F5B6FED828C9BDDC0045D44A /* Launch Screen.storyboard */,
			);
			path = "🧰Others";
			sourceTree = "<group>";
		};
		F5B6FED428C9BDDC0045D44A /* 📣AD */ = {
			isa = PBXGroup;
			children = (
				F5B6FED528C9BDDC0045D44A /* 📣ADView.swift */,
				F5B6FED628C9BDDC0045D44A /* 📣AppName.swift */,
				F5B6FED728C9BDDC0045D44A /* 📣ADMenu.swift */,
			);
			path = "📣AD";
			sourceTree = "<group>";
		};
		F5B6FED928C9BDDC0045D44A /* ℹ️AboutApp */ = {
			isa = PBXGroup;
			children = (
				F5B6FEDA28C9BDDC0045D44A /* ℹ️AboutAppMenu.swift */,
				F5B6FEDB28C9BDDC0045D44A /* 📓SourceCodeMenu.swift */,
				F5B6FEDC28C9BDDC0045D44A /* 🧑‍💻AboutDeveloperPublisher.swift */,
				F5B6FEDD28C9BDDC0045D44A /* 📜VersionHistory.swift */,
			);
			path = "ℹ️AboutApp";
			sourceTree = "<group>";
		};
		F5B6FEDE28C9BDDC0045D44A /* 🛒InAppPurchase */ = {
			isa = PBXGroup;
			children = (
				F5B6FEDF28C9BDDC0045D44A /* Configuration.storekit */,
				F5B6FEE028C9BDDC0045D44A /* 🛒PurchaseView.swift */,
				F5B6FEE128C9BDDC0045D44A /* 🛒StoreModel.swift */,
			);
			path = "🛒InAppPurchase";
			sourceTree = "<group>";
		};
		F5D30CC628C6F6C8001198AF /* Frameworks */ = {
			isa = PBXGroup;
			children = (
				F5D30CC728C6F6C8001198AF /* WidgetKit.framework */,
				F5D30CC928C6F6C8001198AF /* SwiftUI.framework */,
			);
			name = Frameworks;
			sourceTree = "<group>";
		};
		F5D30CCB28C6F6C8001198AF /* MWWidget */ = {
			isa = PBXGroup;
			children = (
				F5D30CCC28C6F6C8001198AF /* MWWidget.swift */,
				F5D30CDC28C709D2001198AF /* MWWidgetExtension.entitlements */,
				F5D30CD028C6F6C9001198AF /* Info.plist */,
			);
			path = MWWidget;
			sourceTree = "<group>";
		};
/* End PBXGroup section */

/* Begin PBXNativeTarget section */
		F5B5A45D28C6EDA1005B6E0F /* MemorizeWidget */ = {
			isa = PBXNativeTarget;
			buildConfigurationList = F5B5A46C28C6EDA3005B6E0F /* Build configuration list for PBXNativeTarget "MemorizeWidget" */;
			buildPhases = (
				F5B5A45A28C6EDA1005B6E0F /* Sources */,
				F5B5A45B28C6EDA1005B6E0F /* Frameworks */,
				F5B5A45C28C6EDA1005B6E0F /* Resources */,
				F5D30CD428C6F6C9001198AF /* Embed Foundation Extensions */,
			);
			buildRules = (
			);
			dependencies = (
				F5D30CD228C6F6C9001198AF /* PBXTargetDependency */,
			);
			name = MemorizeWidget;
			productName = MemorizeWidget;
			productReference = F5B5A45E28C6EDA1005B6E0F /* MemorizeWidget.app */;
			productType = "com.apple.product-type.application";
		};
		F5D30CC428C6F6C8001198AF /* MWWidgetExtension */ = {
			isa = PBXNativeTarget;
			buildConfigurationList = F5D30CD728C6F6C9001198AF /* Build configuration list for PBXNativeTarget "MWWidgetExtension" */;
			buildPhases = (
				F5D30CC128C6F6C8001198AF /* Sources */,
				F5D30CC228C6F6C8001198AF /* Frameworks */,
				F5D30CC328C6F6C8001198AF /* Resources */,
			);
			buildRules = (
			);
			dependencies = (
			);
			name = MWWidgetExtension;
			productName = MWWidgetExtension;
			productReference = F5D30CC528C6F6C8001198AF /* MWWidgetExtension.appex */;
			productType = "com.apple.product-type.app-extension";
		};
/* End PBXNativeTarget section */

/* Begin PBXProject section */
		F5B5A45628C6EDA1005B6E0F /* Project object */ = {
			isa = PBXProject;
			attributes = {
				BuildIndependentTargetsInParallel = 1;
				LastSwiftUpdateCheck = 1400;
				LastUpgradeCheck = 1400;
				TargetAttributes = {
					F5B5A45D28C6EDA1005B6E0F = {
						CreatedOnToolsVersion = 14.0;
					};
					F5D30CC428C6F6C8001198AF = {
						CreatedOnToolsVersion = 14.0;
					};
				};
			};
			buildConfigurationList = F5B5A45928C6EDA1005B6E0F /* Build configuration list for PBXProject "MemorizeWidget" */;
			compatibilityVersion = "Xcode 14.0";
			developmentRegion = en;
			hasScannedForEncodings = 0;
			knownRegions = (
				en,
				Base,
			);
			mainGroup = F5B5A45528C6EDA1005B6E0F;
			productRefGroup = F5B5A45F28C6EDA1005B6E0F /* Products */;
			projectDirPath = "";
			projectRoot = "";
			targets = (
				F5B5A45D28C6EDA1005B6E0F /* MemorizeWidget */,
				F5D30CC428C6F6C8001198AF /* MWWidgetExtension */,
			);
		};
/* End PBXProject section */

/* Begin PBXResourcesBuildPhase section */
		F5B5A45C28C6EDA1005B6E0F /* Resources */ = {
			isa = PBXResourcesBuildPhase;
			buildActionMask = 2147483647;
			files = (
				F5B6FEE528C9BDDC0045D44A /* Launch Screen.storyboard in Resources */,
				F5B6FEEA28C9BDDC0045D44A /* Configuration.storekit in Resources */,
				F5B5A46628C6EDA3005B6E0F /* Assets.xcassets in Resources */,
			);
			runOnlyForDeploymentPostprocessing = 0;
		};
		F5D30CC328C6F6C8001198AF /* Resources */ = {
			isa = PBXResourcesBuildPhase;
			buildActionMask = 2147483647;
			files = (
				F5B6FED228C99B930045D44A /* Assets.xcassets in Resources */,
			);
			runOnlyForDeploymentPostprocessing = 0;
		};
/* End PBXResourcesBuildPhase section */

/* Begin PBXSourcesBuildPhase section */
		F5B5A45A28C6EDA1005B6E0F /* Sources */ = {
			isa = PBXSourcesBuildPhase;
			buildActionMask = 2147483647;
			files = (
				F5B6FEE328C9BDDC0045D44A /* 📣AppName.swift in Sources */,
				F5B6FEE628C9BDDC0045D44A /* ℹ️AboutAppMenu.swift in Sources */,
				F5B6FEE928C9BDDC0045D44A /* 📜VersionHistory.swift in Sources */,
				F5B6FEE728C9BDDC0045D44A /* 📓SourceCodeMenu.swift in Sources */,
				F5D30CD928C70546001198AF /* 📱AppModel.swift in Sources */,
				F5B6FEE828C9BDDC0045D44A /* 🧑‍💻AboutDeveloperPublisher.swift in Sources */,
				F5B6FEE228C9BDDC0045D44A /* 📣ADView.swift in Sources */,
				F5B5A46428C6EDA1005B6E0F /* ContentView.swift in Sources */,
				F5B5A46228C6EDA1005B6E0F /* MemorizeWidgetApp.swift in Sources */,
				F5B6FEEB28C9BDDC0045D44A /* 🛒PurchaseView.swift in Sources */,
				F5B6FEEC28C9BDDC0045D44A /* 🛒StoreModel.swift in Sources */,
				F5B6FEEF28C9CCFE0045D44A /* 🛠MenuTab.swift in Sources */,
				F5B6FEE428C9BDDC0045D44A /* 📣ADMenu.swift in Sources */,
			);
			runOnlyForDeploymentPostprocessing = 0;
		};
		F5D30CC128C6F6C8001198AF /* Sources */ = {
			isa = PBXSourcesBuildPhase;
			buildActionMask = 2147483647;
			files = (
				F5D30CCD28C6F6C8001198AF /* MWWidget.swift in Sources */,
				F5D30CDA28C70546001198AF /* 📱AppModel.swift in Sources */,
			);
			runOnlyForDeploymentPostprocessing = 0;
		};
/* End PBXSourcesBuildPhase section */

/* Begin PBXTargetDependency section */
		F5D30CD228C6F6C9001198AF /* PBXTargetDependency */ = {
			isa = PBXTargetDependency;
			target = F5D30CC428C6F6C8001198AF /* MWWidgetExtension */;
			targetProxy = F5D30CD128C6F6C9001198AF /* PBXContainerItemProxy */;
		};
/* End PBXTargetDependency section */

/* Begin XCBuildConfiguration section */
		F5B5A46A28C6EDA3005B6E0F /* Debug */ = {
			isa = XCBuildConfiguration;
			buildSettings = {
				ALWAYS_SEARCH_USER_PATHS = NO;
				CLANG_ANALYZER_NONNULL = YES;
				CLANG_ANALYZER_NUMBER_OBJECT_CONVERSION = YES_AGGRESSIVE;
				CLANG_CXX_LANGUAGE_STANDARD = "gnu++20";
				CLANG_ENABLE_MODULES = YES;
				CLANG_ENABLE_OBJC_ARC = YES;
				CLANG_ENABLE_OBJC_WEAK = YES;
				CLANG_WARN_BLOCK_CAPTURE_AUTORELEASING = YES;
				CLANG_WARN_BOOL_CONVERSION = YES;
				CLANG_WARN_COMMA = YES;
				CLANG_WARN_CONSTANT_CONVERSION = YES;
				CLANG_WARN_DEPRECATED_OBJC_IMPLEMENTATIONS = YES;
				CLANG_WARN_DIRECT_OBJC_ISA_USAGE = YES_ERROR;
				CLANG_WARN_DOCUMENTATION_COMMENTS = YES;
				CLANG_WARN_EMPTY_BODY = YES;
				CLANG_WARN_ENUM_CONVERSION = YES;
				CLANG_WARN_INFINITE_RECURSION = YES;
				CLANG_WARN_INT_CONVERSION = YES;
				CLANG_WARN_NON_LITERAL_NULL_CONVERSION = YES;
				CLANG_WARN_OBJC_IMPLICIT_RETAIN_SELF = YES;
				CLANG_WARN_OBJC_LITERAL_CONVERSION = YES;
				CLANG_WARN_OBJC_ROOT_CLASS = YES_ERROR;
				CLANG_WARN_QUOTED_INCLUDE_IN_FRAMEWORK_HEADER = YES;
				CLANG_WARN_RANGE_LOOP_ANALYSIS = YES;
				CLANG_WARN_STRICT_PROTOTYPES = YES;
				CLANG_WARN_SUSPICIOUS_MOVE = YES;
				CLANG_WARN_UNGUARDED_AVAILABILITY = YES_AGGRESSIVE;
				CLANG_WARN_UNREACHABLE_CODE = YES;
				CLANG_WARN__DUPLICATE_METHOD_MATCH = YES;
				COPY_PHASE_STRIP = NO;
				DEBUG_INFORMATION_FORMAT = dwarf;
				ENABLE_STRICT_OBJC_MSGSEND = YES;
				ENABLE_TESTABILITY = YES;
				GCC_C_LANGUAGE_STANDARD = gnu11;
				GCC_DYNAMIC_NO_PIC = NO;
				GCC_NO_COMMON_BLOCKS = YES;
				GCC_OPTIMIZATION_LEVEL = 0;
				GCC_PREPROCESSOR_DEFINITIONS = (
					"DEBUG=1",
					"$(inherited)",
				);
				GCC_WARN_64_TO_32_BIT_CONVERSION = YES;
				GCC_WARN_ABOUT_RETURN_TYPE = YES_ERROR;
				GCC_WARN_UNDECLARED_SELECTOR = YES;
				GCC_WARN_UNINITIALIZED_AUTOS = YES_AGGRESSIVE;
				GCC_WARN_UNUSED_FUNCTION = YES;
				GCC_WARN_UNUSED_VARIABLE = YES;
				IPHONEOS_DEPLOYMENT_TARGET = 15.6;
				MTL_ENABLE_DEBUG_INFO = INCLUDE_SOURCE;
				MTL_FAST_MATH = YES;
				ONLY_ACTIVE_ARCH = YES;
				SDKROOT = iphoneos;
				SWIFT_ACTIVE_COMPILATION_CONDITIONS = DEBUG;
				SWIFT_OPTIMIZATION_LEVEL = "-Onone";
			};
			name = Debug;
		};
		F5B5A46B28C6EDA3005B6E0F /* Release */ = {
			isa = XCBuildConfiguration;
			buildSettings = {
				ALWAYS_SEARCH_USER_PATHS = NO;
				CLANG_ANALYZER_NONNULL = YES;
				CLANG_ANALYZER_NUMBER_OBJECT_CONVERSION = YES_AGGRESSIVE;
				CLANG_CXX_LANGUAGE_STANDARD = "gnu++20";
				CLANG_ENABLE_MODULES = YES;
				CLANG_ENABLE_OBJC_ARC = YES;
				CLANG_ENABLE_OBJC_WEAK = YES;
				CLANG_WARN_BLOCK_CAPTURE_AUTORELEASING = YES;
				CLANG_WARN_BOOL_CONVERSION = YES;
				CLANG_WARN_COMMA = YES;
				CLANG_WARN_CONSTANT_CONVERSION = YES;
				CLANG_WARN_DEPRECATED_OBJC_IMPLEMENTATIONS = YES;
				CLANG_WARN_DIRECT_OBJC_ISA_USAGE = YES_ERROR;
				CLANG_WARN_DOCUMENTATION_COMMENTS = YES;
				CLANG_WARN_EMPTY_BODY = YES;
				CLANG_WARN_ENUM_CONVERSION = YES;
				CLANG_WARN_INFINITE_RECURSION = YES;
				CLANG_WARN_INT_CONVERSION = YES;
				CLANG_WARN_NON_LITERAL_NULL_CONVERSION = YES;
				CLANG_WARN_OBJC_IMPLICIT_RETAIN_SELF = YES;
				CLANG_WARN_OBJC_LITERAL_CONVERSION = YES;
				CLANG_WARN_OBJC_ROOT_CLASS = YES_ERROR;
				CLANG_WARN_QUOTED_INCLUDE_IN_FRAMEWORK_HEADER = YES;
				CLANG_WARN_RANGE_LOOP_ANALYSIS = YES;
				CLANG_WARN_STRICT_PROTOTYPES = YES;
				CLANG_WARN_SUSPICIOUS_MOVE = YES;
				CLANG_WARN_UNGUARDED_AVAILABILITY = YES_AGGRESSIVE;
				CLANG_WARN_UNREACHABLE_CODE = YES;
				CLANG_WARN__DUPLICATE_METHOD_MATCH = YES;
				COPY_PHASE_STRIP = NO;
				DEBUG_INFORMATION_FORMAT = "dwarf-with-dsym";
				ENABLE_NS_ASSERTIONS = NO;
				ENABLE_STRICT_OBJC_MSGSEND = YES;
				GCC_C_LANGUAGE_STANDARD = gnu11;
				GCC_NO_COMMON_BLOCKS = YES;
				GCC_WARN_64_TO_32_BIT_CONVERSION = YES;
				GCC_WARN_ABOUT_RETURN_TYPE = YES_ERROR;
				GCC_WARN_UNDECLARED_SELECTOR = YES;
				GCC_WARN_UNINITIALIZED_AUTOS = YES_AGGRESSIVE;
				GCC_WARN_UNUSED_FUNCTION = YES;
				GCC_WARN_UNUSED_VARIABLE = YES;
				IPHONEOS_DEPLOYMENT_TARGET = 15.6;
				MTL_ENABLE_DEBUG_INFO = NO;
				MTL_FAST_MATH = YES;
				SDKROOT = iphoneos;
				SWIFT_COMPILATION_MODE = wholemodule;
				SWIFT_OPTIMIZATION_LEVEL = "-O";
				VALIDATE_PRODUCT = YES;
			};
			name = Release;
		};
		F5B5A46D28C6EDA3005B6E0F /* Debug */ = {
			isa = XCBuildConfiguration;
			buildSettings = {
				ALWAYS_EMBED_SWIFT_STANDARD_LIBRARIES = YES;
				ASSETCATALOG_COMPILER_APPICON_NAME = AppIcon;
				ASSETCATALOG_COMPILER_GLOBAL_ACCENT_COLOR_NAME = AccentColor;
				CODE_SIGN_ENTITLEMENTS = MemorizeWidget/MemorizeWidget.entitlements;
				CODE_SIGN_STYLE = Automatic;
				CURRENT_PROJECT_VERSION = 1;
				DEVELOPMENT_ASSET_PATHS = "";
				DEVELOPMENT_TEAM = 6696GEY228;
				ENABLE_PREVIEWS = YES;
				GENERATE_INFOPLIST_FILE = YES;
				INFOPLIST_KEY_CFBundleDisplayName = MemorizeW;
				INFOPLIST_KEY_LSApplicationCategoryType = "public.app-category.education";
				INFOPLIST_KEY_UIApplicationSceneManifest_Generation = YES;
				INFOPLIST_KEY_UIApplicationSupportsIndirectInputEvents = YES;
				INFOPLIST_KEY_UILaunchScreen_Generation = YES;
				INFOPLIST_KEY_UISupportedInterfaceOrientations_iPad = "UIInterfaceOrientationPortrait UIInterfaceOrientationPortraitUpsideDown UIInterfaceOrientationLandscapeLeft UIInterfaceOrientationLandscapeRight";
				INFOPLIST_KEY_UISupportedInterfaceOrientations_iPhone = "UIInterfaceOrientationPortrait UIInterfaceOrientationLandscapeLeft UIInterfaceOrientationLandscapeRight";
				IPHONEOS_DEPLOYMENT_TARGET = 15.6;
				LD_RUNPATH_SEARCH_PATHS = (
					"$(inherited)",
					"@executable_path/Frameworks",
				);
				MARKETING_VERSION = 1.0;
				PRODUCT_BUNDLE_IDENTIFIER = net.aaaakkkkssssttttnnnn.MemorizeWidget;
				PRODUCT_NAME = "$(TARGET_NAME)";
				SUPPORTED_PLATFORMS = "iphoneos iphonesimulator";
				SUPPORTS_MACCATALYST = NO;
				SUPPORTS_MAC_DESIGNED_FOR_IPHONE_IPAD = NO;
				SWIFT_EMIT_LOC_STRINGS = YES;
				SWIFT_VERSION = 5.0;
				TARGETED_DEVICE_FAMILY = "1,2";
			};
			name = Debug;
		};
		F5B5A46E28C6EDA3005B6E0F /* Release */ = {
			isa = XCBuildConfiguration;
			buildSettings = {
				ALWAYS_EMBED_SWIFT_STANDARD_LIBRARIES = YES;
				ASSETCATALOG_COMPILER_APPICON_NAME = AppIcon;
				ASSETCATALOG_COMPILER_GLOBAL_ACCENT_COLOR_NAME = AccentColor;
				CODE_SIGN_ENTITLEMENTS = MemorizeWidget/MemorizeWidget.entitlements;
				CODE_SIGN_STYLE = Automatic;
				CURRENT_PROJECT_VERSION = 1;
				DEVELOPMENT_ASSET_PATHS = "";
				DEVELOPMENT_TEAM = 6696GEY228;
				ENABLE_PREVIEWS = YES;
				GENERATE_INFOPLIST_FILE = YES;
				INFOPLIST_KEY_CFBundleDisplayName = MemorizeW;
				INFOPLIST_KEY_LSApplicationCategoryType = "public.app-category.education";
				INFOPLIST_KEY_UIApplicationSceneManifest_Generation = YES;
				INFOPLIST_KEY_UIApplicationSupportsIndirectInputEvents = YES;
				INFOPLIST_KEY_UILaunchScreen_Generation = YES;
				INFOPLIST_KEY_UISupportedInterfaceOrientations_iPad = "UIInterfaceOrientationPortrait UIInterfaceOrientationPortraitUpsideDown UIInterfaceOrientationLandscapeLeft UIInterfaceOrientationLandscapeRight";
				INFOPLIST_KEY_UISupportedInterfaceOrientations_iPhone = "UIInterfaceOrientationPortrait UIInterfaceOrientationLandscapeLeft UIInterfaceOrientationLandscapeRight";
				IPHONEOS_DEPLOYMENT_TARGET = 15.6;
				LD_RUNPATH_SEARCH_PATHS = (
					"$(inherited)",
					"@executable_path/Frameworks",
				);
				MARKETING_VERSION = 1.0;
				PRODUCT_BUNDLE_IDENTIFIER = net.aaaakkkkssssttttnnnn.MemorizeWidget;
				PRODUCT_NAME = "$(TARGET_NAME)";
				SUPPORTED_PLATFORMS = "iphoneos iphonesimulator";
				SUPPORTS_MACCATALYST = NO;
				SUPPORTS_MAC_DESIGNED_FOR_IPHONE_IPAD = NO;
				SWIFT_EMIT_LOC_STRINGS = YES;
				SWIFT_VERSION = 5.0;
				TARGETED_DEVICE_FAMILY = "1,2";
			};
			name = Release;
		};
		F5D30CD528C6F6C9001198AF /* Debug */ = {
			isa = XCBuildConfiguration;
			buildSettings = {
				ASSETCATALOG_COMPILER_GLOBAL_ACCENT_COLOR_NAME = AccentColor;
				ASSETCATALOG_COMPILER_WIDGET_BACKGROUND_COLOR_NAME = WidgetBackground;
				CODE_SIGN_ENTITLEMENTS = MWWidget/MWWidgetExtension.entitlements;
				CODE_SIGN_STYLE = Automatic;
				CURRENT_PROJECT_VERSION = 1;
				DEVELOPMENT_TEAM = 6696GEY228;
				GENERATE_INFOPLIST_FILE = YES;
				INFOPLIST_FILE = MWWidget/Info.plist;
				INFOPLIST_KEY_CFBundleDisplayName = MWidget;
				INFOPLIST_KEY_NSHumanReadableCopyright = "";
				IPHONEOS_DEPLOYMENT_TARGET = 15.6;
				LD_RUNPATH_SEARCH_PATHS = (
					"$(inherited)",
					"@executable_path/Frameworks",
					"@executable_path/../../Frameworks",
				);
				MARKETING_VERSION = 1.0;
				PRODUCT_BUNDLE_IDENTIFIER = net.aaaakkkkssssttttnnnn.MemorizeWidget.MWWidget;
				PRODUCT_NAME = "$(TARGET_NAME)";
				SKIP_INSTALL = YES;
				SWIFT_EMIT_LOC_STRINGS = YES;
				SWIFT_VERSION = 5.0;
				TARGETED_DEVICE_FAMILY = "1,2";
			};
			name = Debug;
		};
		F5D30CD628C6F6C9001198AF /* Release */ = {
			isa = XCBuildConfiguration;
			buildSettings = {
				ASSETCATALOG_COMPILER_GLOBAL_ACCENT_COLOR_NAME = AccentColor;
				ASSETCATALOG_COMPILER_WIDGET_BACKGROUND_COLOR_NAME = WidgetBackground;
				CODE_SIGN_ENTITLEMENTS = MWWidget/MWWidgetExtension.entitlements;
				CODE_SIGN_STYLE = Automatic;
				CURRENT_PROJECT_VERSION = 1;
				DEVELOPMENT_TEAM = 6696GEY228;
				GENERATE_INFOPLIST_FILE = YES;
				INFOPLIST_FILE = MWWidget/Info.plist;
				INFOPLIST_KEY_CFBundleDisplayName = MWidget;
				INFOPLIST_KEY_NSHumanReadableCopyright = "";
				IPHONEOS_DEPLOYMENT_TARGET = 15.6;
				LD_RUNPATH_SEARCH_PATHS = (
					"$(inherited)",
					"@executable_path/Frameworks",
					"@executable_path/../../Frameworks",
				);
				MARKETING_VERSION = 1.0;
				PRODUCT_BUNDLE_IDENTIFIER = net.aaaakkkkssssttttnnnn.MemorizeWidget.MWWidget;
				PRODUCT_NAME = "$(TARGET_NAME)";
				SKIP_INSTALL = YES;
				SWIFT_EMIT_LOC_STRINGS = YES;
				SWIFT_VERSION = 5.0;
				TARGETED_DEVICE_FAMILY = "1,2";
			};
			name = Release;
		};
/* End XCBuildConfiguration section */

/* Begin XCConfigurationList section */
		F5B5A45928C6EDA1005B6E0F /* Build configuration list for PBXProject "MemorizeWidget" */ = {
			isa = XCConfigurationList;
			buildConfigurations = (
				F5B5A46A28C6EDA3005B6E0F /* Debug */,
				F5B5A46B28C6EDA3005B6E0F /* Release */,
			);
			defaultConfigurationIsVisible = 0;
			defaultConfigurationName = Release;
		};
		F5B5A46C28C6EDA3005B6E0F /* Build configuration list for PBXNativeTarget "MemorizeWidget" */ = {
			isa = XCConfigurationList;
			buildConfigurations = (
				F5B5A46D28C6EDA3005B6E0F /* Debug */,
				F5B5A46E28C6EDA3005B6E0F /* Release */,
			);
			defaultConfigurationIsVisible = 0;
			defaultConfigurationName = Release;
		};
		F5D30CD728C6F6C9001198AF /* Build configuration list for PBXNativeTarget "MWWidgetExtension" */ = {
			isa = XCConfigurationList;
			buildConfigurations = (
				F5D30CD528C6F6C9001198AF /* Debug */,
				F5D30CD628C6F6C9001198AF /* Release */,
			);
			defaultConfigurationIsVisible = 0;
			defaultConfigurationName = Release;
		};
/* End XCConfigurationList section */
	};
	rootObject = F5B5A45628C6EDA1005B6E0F /* Project object */;
}
