// !$*UTF8*$!
{
	archiveVersion = 1;
	classes = {
	};
	objectVersion = 56;
	objects = {

/* Begin PBXBuildFile section */
		F507EA9628C9FDC500ECF06A /* StoreKit.framework in Frameworks */ = {isa = PBXBuildFile; fileRef = F507EA9528C9FDC500ECF06A /* StoreKit.framework */; };
		F507EAA428CA145000ECF06A /* 🌏AppStoreDescription.strings in Resources */ = {isa = PBXBuildFile; fileRef = F507EA9828CA145000ECF06A /* 🌏AppStoreDescription.strings */; };
		F507EAA528CA145000ECF06A /* 🌏AppStoreDescription.strings in Resources */ = {isa = PBXBuildFile; fileRef = F507EA9828CA145000ECF06A /* 🌏AppStoreDescription.strings */; };
		F507EAA628CA145000ECF06A /* Localizable.strings in Resources */ = {isa = PBXBuildFile; fileRef = F507EA9A28CA145000ECF06A /* Localizable.strings */; };
		F507EAA728CA145000ECF06A /* Localizable.strings in Resources */ = {isa = PBXBuildFile; fileRef = F507EA9A28CA145000ECF06A /* Localizable.strings */; };
		F507EAA828CA145000ECF06A /* InfoPlist.strings in Resources */ = {isa = PBXBuildFile; fileRef = F507EA9C28CA145000ECF06A /* InfoPlist.strings */; };
		F507EAA928CA145000ECF06A /* InfoPlist.strings in Resources */ = {isa = PBXBuildFile; fileRef = F507EA9C28CA145000ECF06A /* InfoPlist.strings */; };
		F507EAAA28CA145000ECF06A /* 🌏VersionDescription.strings in Resources */ = {isa = PBXBuildFile; fileRef = F507EA9E28CA145000ECF06A /* 🌏VersionDescription.strings */; };
		F507EAAB28CA145000ECF06A /* 🌏VersionDescription.strings in Resources */ = {isa = PBXBuildFile; fileRef = F507EA9E28CA145000ECF06A /* 🌏VersionDescription.strings */; };
		F59EEFEA28F3FACB002D9AD7 /* 📣AD.swift in Sources */ = {isa = PBXBuildFile; fileRef = F59EEFE628F3FACB002D9AD7 /* 📣AD.swift */; };
		F59EEFEB28F3FACB002D9AD7 /* 🛒InAppPurchase.swift in Sources */ = {isa = PBXBuildFile; fileRef = F59EEFE728F3FACB002D9AD7 /* 🛒InAppPurchase.swift */; };
		F59EEFEC28F3FACB002D9AD7 /* ℹ️AboutAppMenu.swift in Sources */ = {isa = PBXBuildFile; fileRef = F59EEFE828F3FACB002D9AD7 /* ℹ️AboutAppMenu.swift */; };
		F59EEFEF28F3FB76002D9AD7 /* Configuration.storekit in Resources */ = {isa = PBXBuildFile; fileRef = F59EEFEE28F3FB76002D9AD7 /* Configuration.storekit */; };
		F59EEFF128F3FCEB002D9AD7 /* ℹ️AboutAppMenu.swift in CopyFiles */ = {isa = PBXBuildFile; fileRef = F59EEFE828F3FACB002D9AD7 /* ℹ️AboutAppMenu.swift */; };
		F59EEFF328F3FCEB002D9AD7 /* 📣AD.swift in CopyFiles */ = {isa = PBXBuildFile; fileRef = F59EEFE628F3FACB002D9AD7 /* 📣AD.swift */; };
		F59EEFF428F3FCEB002D9AD7 /* 🛒InAppPurchase.swift in CopyFiles */ = {isa = PBXBuildFile; fileRef = F59EEFE728F3FACB002D9AD7 /* 🛒InAppPurchase.swift */; };
		F59EEFF628F3FDDE002D9AD7 /* MemorizeWidgetApp.swift in CopyFiles */ = {isa = PBXBuildFile; fileRef = F5B5A46128C6EDA1005B6E0F /* MemorizeWidgetApp.swift */; };
		F59EEFF728F3FDDE002D9AD7 /* ContentView.swift in CopyFiles */ = {isa = PBXBuildFile; fileRef = F5B5A46328C6EDA1005B6E0F /* ContentView.swift */; };
		F59EEFF828F3FDDE002D9AD7 /* 📱AppModel.swift in CopyFiles */ = {isa = PBXBuildFile; fileRef = F5D30CD828C70546001198AF /* 📱AppModel.swift */; };
		F5B5A46228C6EDA1005B6E0F /* MemorizeWidgetApp.swift in Sources */ = {isa = PBXBuildFile; fileRef = F5B5A46128C6EDA1005B6E0F /* MemorizeWidgetApp.swift */; };
		F5B5A46428C6EDA1005B6E0F /* ContentView.swift in Sources */ = {isa = PBXBuildFile; fileRef = F5B5A46328C6EDA1005B6E0F /* ContentView.swift */; };
		F5B5A46628C6EDA3005B6E0F /* Assets.xcassets in Resources */ = {isa = PBXBuildFile; fileRef = F5B5A46528C6EDA3005B6E0F /* Assets.xcassets */; };
		F5B6FED228C99B930045D44A /* Assets.xcassets in Resources */ = {isa = PBXBuildFile; fileRef = F5B5A46528C6EDA3005B6E0F /* Assets.xcassets */; };
		F5B6FEE528C9BDDC0045D44A /* Launch Screen.storyboard in Resources */ = {isa = PBXBuildFile; fileRef = F5B6FED828C9BDDC0045D44A /* Launch Screen.storyboard */; };
		F5D30CC828C6F6C8001198AF /* WidgetKit.framework in Frameworks */ = {isa = PBXBuildFile; fileRef = F5D30CC728C6F6C8001198AF /* WidgetKit.framework */; };
		F5D30CCA28C6F6C8001198AF /* SwiftUI.framework in Frameworks */ = {isa = PBXBuildFile; fileRef = F5D30CC928C6F6C8001198AF /* SwiftUI.framework */; };
		F5D30CCD28C6F6C8001198AF /* MWWidget.swift in Sources */ = {isa = PBXBuildFile; fileRef = F5D30CCC28C6F6C8001198AF /* MWWidget.swift */; };
		F5D30CD328C6F6C9001198AF /* MWWidgetExtension.appex in Embed Foundation Extensions */ = {isa = PBXBuildFile; fileRef = F5D30CC528C6F6C8001198AF /* MWWidgetExtension.appex */; settings = {ATTRIBUTES = (RemoveHeadersOnCopy, ); }; };
		F5D30CD928C70546001198AF /* 📱AppModel.swift in Sources */ = {isa = PBXBuildFile; fileRef = F5D30CD828C70546001198AF /* 📱AppModel.swift */; };
		F5D30CDA28C70546001198AF /* 📱AppModel.swift in Sources */ = {isa = PBXBuildFile; fileRef = F5D30CD828C70546001198AF /* 📱AppModel.swift */; };
/* End PBXBuildFile section */

/* Begin PBXContainerItemProxy section */
		F5D30CD128C6F6C9001198AF /* PBXContainerItemProxy */ = {
			isa = PBXContainerItemProxy;
			containerPortal = F5B5A45628C6EDA1005B6E0F /* Project object */;
			proxyType = 1;
			remoteGlobalIDString = F5D30CC428C6F6C8001198AF;
			remoteInfo = MWWidgetExtension;
		};
/* End PBXContainerItemProxy section */

/* Begin PBXCopyFilesBuildPhase section */
		F59EEFF028F3FCDF002D9AD7 /* CopyFiles */ = {
			isa = PBXCopyFilesBuildPhase;
			buildActionMask = 2147483647;
			dstPath = "🧰Others";
			dstSubfolderSpec = 7;
			files = (
				F59EEFF128F3FCEB002D9AD7 /* ℹ️AboutAppMenu.swift in CopyFiles */,
				F59EEFF328F3FCEB002D9AD7 /* 📣AD.swift in CopyFiles */,
				F59EEFF428F3FCEB002D9AD7 /* 🛒InAppPurchase.swift in CopyFiles */,
			);
			runOnlyForDeploymentPostprocessing = 0;
		};
		F59EEFF528F3FDD7002D9AD7 /* CopyFiles */ = {
			isa = PBXCopyFilesBuildPhase;
			buildActionMask = 2147483647;
			dstPath = main;
			dstSubfolderSpec = 7;
			files = (
				F59EEFF628F3FDDE002D9AD7 /* MemorizeWidgetApp.swift in CopyFiles */,
				F59EEFF728F3FDDE002D9AD7 /* ContentView.swift in CopyFiles */,
				F59EEFF828F3FDDE002D9AD7 /* 📱AppModel.swift in CopyFiles */,
			);
			runOnlyForDeploymentPostprocessing = 0;
		};
		F5D30CD428C6F6C9001198AF /* Embed Foundation Extensions */ = {
			isa = PBXCopyFilesBuildPhase;
			buildActionMask = 2147483647;
			dstPath = "";
			dstSubfolderSpec = 13;
			files = (
				F5D30CD328C6F6C9001198AF /* MWWidgetExtension.appex in Embed Foundation Extensions */,
			);
			name = "Embed Foundation Extensions";
			runOnlyForDeploymentPostprocessing = 0;
		};
/* End PBXCopyFilesBuildPhase section */

/* Begin PBXFileReference section */
		F507EA9328C9FCC900ECF06A /* README.md */ = {isa = PBXFileReference; fileEncoding = 4; lastKnownFileType = net.daringfireball.markdown; path = README.md; sourceTree = "<group>"; };
		F507EA9528C9FDC500ECF06A /* StoreKit.framework */ = {isa = PBXFileReference; lastKnownFileType = wrapper.framework; name = StoreKit.framework; path = System/Library/Frameworks/StoreKit.framework; sourceTree = SDKROOT; };
		F507EA9928CA145000ECF06A /* ja */ = {isa = PBXFileReference; lastKnownFileType = text.plist.strings; name = ja; path = "ja.lproj/🌏AppStoreDescription.strings"; sourceTree = "<group>"; };
		F507EA9B28CA145000ECF06A /* ja */ = {isa = PBXFileReference; lastKnownFileType = text.plist.strings; name = ja; path = ja.lproj/Localizable.strings; sourceTree = "<group>"; };
		F507EA9D28CA145000ECF06A /* ja */ = {isa = PBXFileReference; lastKnownFileType = text.plist.strings; name = ja; path = ja.lproj/InfoPlist.strings; sourceTree = "<group>"; };
		F507EA9F28CA145000ECF06A /* ja */ = {isa = PBXFileReference; lastKnownFileType = text.plist.strings; name = ja; path = "ja.lproj/🌏VersionDescription.strings"; sourceTree = "<group>"; };
		F507EAA028CA145000ECF06A /* en */ = {isa = PBXFileReference; lastKnownFileType = text.plist.strings; name = en; path = "en.lproj/🌏AppStoreDescription.strings"; sourceTree = "<group>"; };
		F507EAA128CA145000ECF06A /* en */ = {isa = PBXFileReference; lastKnownFileType = text.plist.strings; name = en; path = en.lproj/Localizable.strings; sourceTree = "<group>"; };
		F507EAA228CA145000ECF06A /* en */ = {isa = PBXFileReference; lastKnownFileType = text.plist.strings; name = en; path = en.lproj/InfoPlist.strings; sourceTree = "<group>"; };
		F507EAA328CA145000ECF06A /* en */ = {isa = PBXFileReference; lastKnownFileType = text.plist.strings; name = en; path = "en.lproj/🌏VersionDescription.strings"; sourceTree = "<group>"; };
		F59EEFE528F3FA36002D9AD7 /* Info.plist */ = {isa = PBXFileReference; lastKnownFileType = text.plist.xml; path = Info.plist; sourceTree = "<group>"; };
		F59EEFE628F3FACB002D9AD7 /* 📣AD.swift */ = {isa = PBXFileReference; fileEncoding = 4; lastKnownFileType = sourcecode.swift; path = "📣AD.swift"; sourceTree = "<group>"; };
		F59EEFE728F3FACB002D9AD7 /* 🛒InAppPurchase.swift */ = {isa = PBXFileReference; fileEncoding = 4; lastKnownFileType = sourcecode.swift; path = "🛒InAppPurchase.swift"; sourceTree = "<group>"; };
		F59EEFE828F3FACB002D9AD7 /* ℹ️AboutAppMenu.swift */ = {isa = PBXFileReference; fileEncoding = 4; lastKnownFileType = sourcecode.swift; path = "ℹ️AboutAppMenu.swift"; sourceTree = "<group>"; };
		F59EEFEE28F3FB76002D9AD7 /* Configuration.storekit */ = {isa = PBXFileReference; fileEncoding = 4; lastKnownFileType = text; path = Configuration.storekit; sourceTree = "<group>"; };
		F5B5A45E28C6EDA1005B6E0F /* MemorizeWidget.app */ = {isa = PBXFileReference; explicitFileType = wrapper.application; includeInIndex = 0; path = MemorizeWidget.app; sourceTree = BUILT_PRODUCTS_DIR; };
		F5B5A46128C6EDA1005B6E0F /* MemorizeWidgetApp.swift */ = {isa = PBXFileReference; lastKnownFileType = sourcecode.swift; path = MemorizeWidgetApp.swift; sourceTree = "<group>"; };
		F5B5A46328C6EDA1005B6E0F /* ContentView.swift */ = {isa = PBXFileReference; lastKnownFileType = sourcecode.swift; path = ContentView.swift; sourceTree = "<group>"; };
		F5B5A46528C6EDA3005B6E0F /* Assets.xcassets */ = {isa = PBXFileReference; lastKnownFileType = folder.assetcatalog; path = Assets.xcassets; sourceTree = "<group>"; };
		F5B6FED828C9BDDC0045D44A /* Launch Screen.storyboard */ = {isa = PBXFileReference; fileEncoding = 4; lastKnownFileType = file.storyboard; path = "Launch Screen.storyboard"; sourceTree = "<group>"; };
		F5D30CC528C6F6C8001198AF /* MWWidgetExtension.appex */ = {isa = PBXFileReference; explicitFileType = "wrapper.app-extension"; includeInIndex = 0; path = MWWidgetExtension.appex; sourceTree = BUILT_PRODUCTS_DIR; };
		F5D30CC728C6F6C8001198AF /* WidgetKit.framework */ = {isa = PBXFileReference; lastKnownFileType = wrapper.framework; name = WidgetKit.framework; path = System/Library/Frameworks/WidgetKit.framework; sourceTree = SDKROOT; };
		F5D30CC928C6F6C8001198AF /* SwiftUI.framework */ = {isa = PBXFileReference; lastKnownFileType = wrapper.framework; name = SwiftUI.framework; path = System/Library/Frameworks/SwiftUI.framework; sourceTree = SDKROOT; };
		F5D30CCC28C6F6C8001198AF /* MWWidget.swift */ = {isa = PBXFileReference; lastKnownFileType = sourcecode.swift; path = MWWidget.swift; sourceTree = "<group>"; };
		F5D30CD028C6F6C9001198AF /* Info.plist */ = {isa = PBXFileReference; lastKnownFileType = text.plist.xml; path = Info.plist; sourceTree = "<group>"; };
		F5D30CD828C70546001198AF /* 📱AppModel.swift */ = {isa = PBXFileReference; fileEncoding = 4; lastKnownFileType = sourcecode.swift; path = "📱AppModel.swift"; sourceTree = "<group>"; };
		F5D30CDB28C707F2001198AF /* MemorizeWidget.entitlements */ = {isa = PBXFileReference; lastKnownFileType = text.plist.entitlements; path = MemorizeWidget.entitlements; sourceTree = "<group>"; };
		F5D30CDC28C709D2001198AF /* MWWidgetExtension.entitlements */ = {isa = PBXFileReference; lastKnownFileType = text.plist.entitlements; path = MWWidgetExtension.entitlements; sourceTree = "<group>"; };
/* End PBXFileReference section */

/* Begin PBXFrameworksBuildPhase section */
		F5B5A45B28C6EDA1005B6E0F /* Frameworks */ = {
			isa = PBXFrameworksBuildPhase;
			buildActionMask = 2147483647;
			files = (
				F507EA9628C9FDC500ECF06A /* StoreKit.framework in Frameworks */,
			);
			runOnlyForDeploymentPostprocessing = 0;
		};
		F5D30CC228C6F6C8001198AF /* Frameworks */ = {
			isa = PBXFrameworksBuildPhase;
			buildActionMask = 2147483647;
			files = (
				F5D30CCA28C6F6C8001198AF /* SwiftUI.framework in Frameworks */,
				F5D30CC828C6F6C8001198AF /* WidgetKit.framework in Frameworks */,
			);
			runOnlyForDeploymentPostprocessing = 0;
		};
/* End PBXFrameworksBuildPhase section */

/* Begin PBXGroup section */
		F507EA9728CA145000ECF06A /* 🌏Localization */ = {
			isa = PBXGroup;
			children = (
				F507EA9A28CA145000ECF06A /* Localizable.strings */,
				F507EA9C28CA145000ECF06A /* InfoPlist.strings */,
				F507EA9828CA145000ECF06A /* 🌏AppStoreDescription.strings */,
				F507EA9E28CA145000ECF06A /* 🌏VersionDescription.strings */,
			);
			path = "🌏Localization";
			sourceTree = "<group>";
		};
		F5B5A45528C6EDA1005B6E0F = {
			isa = PBXGroup;
			children = (
				F507EA9328C9FCC900ECF06A /* README.md */,
				F5B5A46028C6EDA1005B6E0F /* MemorizeWidget */,
				F5D30CCB28C6F6C8001198AF /* MWWidget */,
				F5D30CC628C6F6C8001198AF /* Frameworks */,
				F5B5A45F28C6EDA1005B6E0F /* Products */,
			);
			sourceTree = "<group>";
		};
		F5B5A45F28C6EDA1005B6E0F /* Products */ = {
			isa = PBXGroup;
			children = (
				F5B5A45E28C6EDA1005B6E0F /* MemorizeWidget.app */,
				F5D30CC528C6F6C8001198AF /* MWWidgetExtension.appex */,
			);
			name = Products;
			sourceTree = "<group>";
		};
		F5B5A46028C6EDA1005B6E0F /* MemorizeWidget */ = {
			isa = PBXGroup;
			children = (
				F5B5A46128C6EDA1005B6E0F /* MemorizeWidgetApp.swift */,
				F5B5A46328C6EDA1005B6E0F /* ContentView.swift */,
				F5D30CD828C70546001198AF /* 📱AppModel.swift */,
				F5B6FED328C9BDDC0045D44A /* 🧰Others */,
				F507EA9728CA145000ECF06A /* 🌏Localization */,
				F5B5A46528C6EDA3005B6E0F /* Assets.xcassets */,
				F5D30CDB28C707F2001198AF /* MemorizeWidget.entitlements */,
			);
			path = MemorizeWidget;
			sourceTree = "<group>";
		};
		F5B6FED328C9BDDC0045D44A /* 🧰Others */ = {
			isa = PBXGroup;
			children = (
				F59EEFE828F3FACB002D9AD7 /* ℹ️AboutAppMenu.swift */,
				F59EEFE628F3FACB002D9AD7 /* 📣AD.swift */,
				F59EEFE728F3FACB002D9AD7 /* 🛒InAppPurchase.swift */,
				F5B6FED828C9BDDC0045D44A /* Launch Screen.storyboard */,
				F59EEFEE28F3FB76002D9AD7 /* Configuration.storekit */,
				F59EEFE528F3FA36002D9AD7 /* Info.plist */,
			);
			path = "🧰Others";
			sourceTree = "<group>";
		};
		F5D30CC628C6F6C8001198AF /* Frameworks */ = {
			isa = PBXGroup;
			children = (
				F507EA9528C9FDC500ECF06A /* StoreKit.framework */,
				F5D30CC728C6F6C8001198AF /* WidgetKit.framework */,
				F5D30CC928C6F6C8001198AF /* SwiftUI.framework */,
			);
			name = Frameworks;
			sourceTree = "<group>";
		};
		F5D30CCB28C6F6C8001198AF /* MWWidget */ = {
			isa = PBXGroup;
			children = (
				F5D30CCC28C6F6C8001198AF /* MWWidget.swift */,
				F5D30CDC28C709D2001198AF /* MWWidgetExtension.entitlements */,
				F5D30CD028C6F6C9001198AF /* Info.plist */,
			);
			path = MWWidget;
			sourceTree = "<group>";
		};
/* End PBXGroup section */

/* Begin PBXNativeTarget section */
		F5B5A45D28C6EDA1005B6E0F /* MemorizeWidget */ = {
			isa = PBXNativeTarget;
			buildConfigurationList = F5B5A46C28C6EDA3005B6E0F /* Build configuration list for PBXNativeTarget "MemorizeWidget" */;
			buildPhases = (
				F5B5A45A28C6EDA1005B6E0F /* Sources */,
				F5B5A45B28C6EDA1005B6E0F /* Frameworks */,
				F5B5A45C28C6EDA1005B6E0F /* Resources */,
				F5D30CD428C6F6C9001198AF /* Embed Foundation Extensions */,
				F59EEFF028F3FCDF002D9AD7 /* CopyFiles */,
				F59EEFF528F3FDD7002D9AD7 /* CopyFiles */,
			);
			buildRules = (
			);
			dependencies = (
				F5D30CD228C6F6C9001198AF /* PBXTargetDependency */,
			);
			name = MemorizeWidget;
			productName = MemorizeWidget;
			productReference = F5B5A45E28C6EDA1005B6E0F /* MemorizeWidget.app */;
			productType = "com.apple.product-type.application";
		};
		F5D30CC428C6F6C8001198AF /* MWWidgetExtension */ = {
			isa = PBXNativeTarget;
			buildConfigurationList = F5D30CD728C6F6C9001198AF /* Build configuration list for PBXNativeTarget "MWWidgetExtension" */;
			buildPhases = (
				F5D30CC128C6F6C8001198AF /* Sources */,
				F5D30CC228C6F6C8001198AF /* Frameworks */,
				F5D30CC328C6F6C8001198AF /* Resources */,
			);
			buildRules = (
			);
			dependencies = (
			);
			name = MWWidgetExtension;
			productName = MWWidgetExtension;
			productReference = F5D30CC528C6F6C8001198AF /* MWWidgetExtension.appex */;
			productType = "com.apple.product-type.app-extension";
		};
/* End PBXNativeTarget section */

/* Begin PBXProject section */
		F5B5A45628C6EDA1005B6E0F /* Project object */ = {
			isa = PBXProject;
			attributes = {
				BuildIndependentTargetsInParallel = 1;
				LastSwiftUpdateCheck = 1400;
				LastUpgradeCheck = 1400;
				TargetAttributes = {
					F5B5A45D28C6EDA1005B6E0F = {
						CreatedOnToolsVersion = 14.0;
					};
					F5D30CC428C6F6C8001198AF = {
						CreatedOnToolsVersion = 14.0;
					};
				};
			};
			buildConfigurationList = F5B5A45928C6EDA1005B6E0F /* Build configuration list for PBXProject "MemorizeWidget" */;
			compatibilityVersion = "Xcode 14.0";
			developmentRegion = en;
			hasScannedForEncodings = 0;
			knownRegions = (
				en,
				Base,
				ja,
			);
			mainGroup = F5B5A45528C6EDA1005B6E0F;
			productRefGroup = F5B5A45F28C6EDA1005B6E0F /* Products */;
			projectDirPath = "";
			projectRoot = "";
			targets = (
				F5B5A45D28C6EDA1005B6E0F /* MemorizeWidget */,
				F5D30CC428C6F6C8001198AF /* MWWidgetExtension */,
			);
		};
/* End PBXProject section */

/* Begin PBXResourcesBuildPhase section */
		F5B5A45C28C6EDA1005B6E0F /* Resources */ = {
			isa = PBXResourcesBuildPhase;
			buildActionMask = 2147483647;
			files = (
				F59EEFEF28F3FB76002D9AD7 /* Configuration.storekit in Resources */,
				F5B6FEE528C9BDDC0045D44A /* Launch Screen.storyboard in Resources */,
				F507EAAA28CA145000ECF06A /* 🌏VersionDescription.strings in Resources */,
				F507EAA828CA145000ECF06A /* InfoPlist.strings in Resources */,
				F507EAA628CA145000ECF06A /* Localizable.strings in Resources */,
				F5B5A46628C6EDA3005B6E0F /* Assets.xcassets in Resources */,
				F507EAA428CA145000ECF06A /* 🌏AppStoreDescription.strings in Resources */,
			);
			runOnlyForDeploymentPostprocessing = 0;
		};
		F5D30CC328C6F6C8001198AF /* Resources */ = {
			isa = PBXResourcesBuildPhase;
			buildActionMask = 2147483647;
			files = (
				F507EAA528CA145000ECF06A /* 🌏AppStoreDescription.strings in Resources */,
				F507EAAB28CA145000ECF06A /* 🌏VersionDescription.strings in Resources */,
				F507EAA928CA145000ECF06A /* InfoPlist.strings in Resources */,
				F507EAA728CA145000ECF06A /* Localizable.strings in Resources */,
				F5B6FED228C99B930045D44A /* Assets.xcassets in Resources */,
			);
			runOnlyForDeploymentPostprocessing = 0;
		};
/* End PBXResourcesBuildPhase section */

/* Begin PBXSourcesBuildPhase section */
		F5B5A45A28C6EDA1005B6E0F /* Sources */ = {
			isa = PBXSourcesBuildPhase;
			buildActionMask = 2147483647;
			files = (
				F59EEFEB28F3FACB002D9AD7 /* 🛒InAppPurchase.swift in Sources */,
				F5D30CD928C70546001198AF /* 📱AppModel.swift in Sources */,
				F59EEFEA28F3FACB002D9AD7 /* 📣AD.swift in Sources */,
				F5B5A46428C6EDA1005B6E0F /* ContentView.swift in Sources */,
				F5B5A46228C6EDA1005B6E0F /* MemorizeWidgetApp.swift in Sources */,
				F59EEFEC28F3FACB002D9AD7 /* ℹ️AboutAppMenu.swift in Sources */,
			);
			runOnlyForDeploymentPostprocessing = 0;
		};
		F5D30CC128C6F6C8001198AF /* Sources */ = {
			isa = PBXSourcesBuildPhase;
			buildActionMask = 2147483647;
			files = (
				F5D30CCD28C6F6C8001198AF /* MWWidget.swift in Sources */,
				F5D30CDA28C70546001198AF /* 📱AppModel.swift in Sources */,
			);
			runOnlyForDeploymentPostprocessing = 0;
		};
/* End PBXSourcesBuildPhase section */

/* Begin PBXTargetDependency section */
		F5D30CD228C6F6C9001198AF /* PBXTargetDependency */ = {
			isa = PBXTargetDependency;
			target = F5D30CC428C6F6C8001198AF /* MWWidgetExtension */;
			targetProxy = F5D30CD128C6F6C9001198AF /* PBXContainerItemProxy */;
		};
/* End PBXTargetDependency section */

/* Begin PBXVariantGroup section */
		F507EA9828CA145000ECF06A /* 🌏AppStoreDescription.strings */ = {
			isa = PBXVariantGroup;
			children = (
				F507EA9928CA145000ECF06A /* ja */,
				F507EAA028CA145000ECF06A /* en */,
			);
			name = "🌏AppStoreDescription.strings";
			sourceTree = "<group>";
		};
		F507EA9A28CA145000ECF06A /* Localizable.strings */ = {
			isa = PBXVariantGroup;
			children = (
				F507EA9B28CA145000ECF06A /* ja */,
				F507EAA128CA145000ECF06A /* en */,
			);
			name = Localizable.strings;
			sourceTree = "<group>";
		};
		F507EA9C28CA145000ECF06A /* InfoPlist.strings */ = {
			isa = PBXVariantGroup;
			children = (
				F507EA9D28CA145000ECF06A /* ja */,
				F507EAA228CA145000ECF06A /* en */,
			);
			name = InfoPlist.strings;
			sourceTree = "<group>";
		};
		F507EA9E28CA145000ECF06A /* 🌏VersionDescription.strings */ = {
			isa = PBXVariantGroup;
			children = (
				F507EA9F28CA145000ECF06A /* ja */,
				F507EAA328CA145000ECF06A /* en */,
			);
			name = "🌏VersionDescription.strings";
			sourceTree = "<group>";
		};
/* End PBXVariantGroup section */

/* Begin XCBuildConfiguration section */
		F5B5A46A28C6EDA3005B6E0F /* Debug */ = {
			isa = XCBuildConfiguration;
			buildSettings = {
				ALWAYS_SEARCH_USER_PATHS = NO;
				CLANG_ANALYZER_NONNULL = YES;
				CLANG_ANALYZER_NUMBER_OBJECT_CONVERSION = YES_AGGRESSIVE;
				CLANG_CXX_LANGUAGE_STANDARD = "gnu++20";
				CLANG_ENABLE_MODULES = YES;
				CLANG_ENABLE_OBJC_ARC = YES;
				CLANG_ENABLE_OBJC_WEAK = YES;
				CLANG_WARN_BLOCK_CAPTURE_AUTORELEASING = YES;
				CLANG_WARN_BOOL_CONVERSION = YES;
				CLANG_WARN_COMMA = YES;
				CLANG_WARN_CONSTANT_CONVERSION = YES;
				CLANG_WARN_DEPRECATED_OBJC_IMPLEMENTATIONS = YES;
				CLANG_WARN_DIRECT_OBJC_ISA_USAGE = YES_ERROR;
				CLANG_WARN_DOCUMENTATION_COMMENTS = YES;
				CLANG_WARN_EMPTY_BODY = YES;
				CLANG_WARN_ENUM_CONVERSION = YES;
				CLANG_WARN_INFINITE_RECURSION = YES;
				CLANG_WARN_INT_CONVERSION = YES;
				CLANG_WARN_NON_LITERAL_NULL_CONVERSION = YES;
				CLANG_WARN_OBJC_IMPLICIT_RETAIN_SELF = YES;
				CLANG_WARN_OBJC_LITERAL_CONVERSION = YES;
				CLANG_WARN_OBJC_ROOT_CLASS = YES_ERROR;
				CLANG_WARN_QUOTED_INCLUDE_IN_FRAMEWORK_HEADER = YES;
				CLANG_WARN_RANGE_LOOP_ANALYSIS = YES;
				CLANG_WARN_STRICT_PROTOTYPES = YES;
				CLANG_WARN_SUSPICIOUS_MOVE = YES;
				CLANG_WARN_UNGUARDED_AVAILABILITY = YES_AGGRESSIVE;
				CLANG_WARN_UNREACHABLE_CODE = YES;
				CLANG_WARN__DUPLICATE_METHOD_MATCH = YES;
				COPY_PHASE_STRIP = NO;
				DEBUG_INFORMATION_FORMAT = dwarf;
				ENABLE_STRICT_OBJC_MSGSEND = YES;
				ENABLE_TESTABILITY = YES;
				GCC_C_LANGUAGE_STANDARD = gnu11;
				GCC_DYNAMIC_NO_PIC = NO;
				GCC_NO_COMMON_BLOCKS = YES;
				GCC_OPTIMIZATION_LEVEL = 0;
				GCC_PREPROCESSOR_DEFINITIONS = (
					"DEBUG=1",
					"$(inherited)",
				);
				GCC_WARN_64_TO_32_BIT_CONVERSION = YES;
				GCC_WARN_ABOUT_RETURN_TYPE = YES_ERROR;
				GCC_WARN_UNDECLARED_SELECTOR = YES;
				GCC_WARN_UNINITIALIZED_AUTOS = YES_AGGRESSIVE;
				GCC_WARN_UNUSED_FUNCTION = YES;
				GCC_WARN_UNUSED_VARIABLE = YES;
				IPHONEOS_DEPLOYMENT_TARGET = 15.6;
				MTL_ENABLE_DEBUG_INFO = INCLUDE_SOURCE;
				MTL_FAST_MATH = YES;
				ONLY_ACTIVE_ARCH = YES;
				SDKROOT = iphoneos;
				SWIFT_ACTIVE_COMPILATION_CONDITIONS = DEBUG;
				SWIFT_OPTIMIZATION_LEVEL = "-Onone";
			};
			name = Debug;
		};
		F5B5A46B28C6EDA3005B6E0F /* Release */ = {
			isa = XCBuildConfiguration;
			buildSettings = {
				ALWAYS_SEARCH_USER_PATHS = NO;
				CLANG_ANALYZER_NONNULL = YES;
				CLANG_ANALYZER_NUMBER_OBJECT_CONVERSION = YES_AGGRESSIVE;
				CLANG_CXX_LANGUAGE_STANDARD = "gnu++20";
				CLANG_ENABLE_MODULES = YES;
				CLANG_ENABLE_OBJC_ARC = YES;
				CLANG_ENABLE_OBJC_WEAK = YES;
				CLANG_WARN_BLOCK_CAPTURE_AUTORELEASING = YES;
				CLANG_WARN_BOOL_CONVERSION = YES;
				CLANG_WARN_COMMA = YES;
				CLANG_WARN_CONSTANT_CONVERSION = YES;
				CLANG_WARN_DEPRECATED_OBJC_IMPLEMENTATIONS = YES;
				CLANG_WARN_DIRECT_OBJC_ISA_USAGE = YES_ERROR;
				CLANG_WARN_DOCUMENTATION_COMMENTS = YES;
				CLANG_WARN_EMPTY_BODY = YES;
				CLANG_WARN_ENUM_CONVERSION = YES;
				CLANG_WARN_INFINITE_RECURSION = YES;
				CLANG_WARN_INT_CONVERSION = YES;
				CLANG_WARN_NON_LITERAL_NULL_CONVERSION = YES;
				CLANG_WARN_OBJC_IMPLICIT_RETAIN_SELF = YES;
				CLANG_WARN_OBJC_LITERAL_CONVERSION = YES;
				CLANG_WARN_OBJC_ROOT_CLASS = YES_ERROR;
				CLANG_WARN_QUOTED_INCLUDE_IN_FRAMEWORK_HEADER = YES;
				CLANG_WARN_RANGE_LOOP_ANALYSIS = YES;
				CLANG_WARN_STRICT_PROTOTYPES = YES;
				CLANG_WARN_SUSPICIOUS_MOVE = YES;
				CLANG_WARN_UNGUARDED_AVAILABILITY = YES_AGGRESSIVE;
				CLANG_WARN_UNREACHABLE_CODE = YES;
				CLANG_WARN__DUPLICATE_METHOD_MATCH = YES;
				COPY_PHASE_STRIP = NO;
				DEBUG_INFORMATION_FORMAT = "dwarf-with-dsym";
				ENABLE_NS_ASSERTIONS = NO;
				ENABLE_STRICT_OBJC_MSGSEND = YES;
				GCC_C_LANGUAGE_STANDARD = gnu11;
				GCC_NO_COMMON_BLOCKS = YES;
				GCC_WARN_64_TO_32_BIT_CONVERSION = YES;
				GCC_WARN_ABOUT_RETURN_TYPE = YES_ERROR;
				GCC_WARN_UNDECLARED_SELECTOR = YES;
				GCC_WARN_UNINITIALIZED_AUTOS = YES_AGGRESSIVE;
				GCC_WARN_UNUSED_FUNCTION = YES;
				GCC_WARN_UNUSED_VARIABLE = YES;
				IPHONEOS_DEPLOYMENT_TARGET = 15.6;
				MTL_ENABLE_DEBUG_INFO = NO;
				MTL_FAST_MATH = YES;
				SDKROOT = iphoneos;
				SWIFT_COMPILATION_MODE = wholemodule;
				SWIFT_OPTIMIZATION_LEVEL = "-O";
				VALIDATE_PRODUCT = YES;
			};
			name = Release;
		};
		F5B5A46D28C6EDA3005B6E0F /* Debug */ = {
			isa = XCBuildConfiguration;
			buildSettings = {
				ALWAYS_EMBED_SWIFT_STANDARD_LIBRARIES = YES;
				ASSETCATALOG_COMPILER_APPICON_NAME = AppIcon;
				ASSETCATALOG_COMPILER_GLOBAL_ACCENT_COLOR_NAME = AccentColor;
				CODE_SIGN_ENTITLEMENTS = MemorizeWidget/MemorizeWidget.entitlements;
				CODE_SIGN_STYLE = Automatic;
				CURRENT_PROJECT_VERSION = 4;
				DEVELOPMENT_ASSET_PATHS = "";
				DEVELOPMENT_TEAM = 6696GEY228;
				ENABLE_PREVIEWS = YES;
				GENERATE_INFOPLIST_FILE = YES;
				INFOPLIST_FILE = "MemorizeWidget/🧰Others/Info.plist";
				INFOPLIST_KEY_CFBundleDisplayName = MemorizeW;
				INFOPLIST_KEY_LSApplicationCategoryType = "public.app-category.education";
				INFOPLIST_KEY_UIApplicationSceneManifest_Generation = YES;
				INFOPLIST_KEY_UIApplicationSupportsIndirectInputEvents = YES;
				INFOPLIST_KEY_UILaunchScreen_Generation = YES;
				INFOPLIST_KEY_UILaunchStoryboardName = "Launch Screen.storyboard";
				INFOPLIST_KEY_UISupportedInterfaceOrientations_iPad = "UIInterfaceOrientationPortrait UIInterfaceOrientationPortraitUpsideDown UIInterfaceOrientationLandscapeLeft UIInterfaceOrientationLandscapeRight";
				INFOPLIST_KEY_UISupportedInterfaceOrientations_iPhone = "UIInterfaceOrientationPortrait UIInterfaceOrientationLandscapeLeft UIInterfaceOrientationLandscapeRight";
				IPHONEOS_DEPLOYMENT_TARGET = 15.6;
				LD_RUNPATH_SEARCH_PATHS = (
					"$(inherited)",
					"@executable_path/Frameworks",
				);
				MARKETING_VERSION = 1.1;
				PRODUCT_BUNDLE_IDENTIFIER = net.aaaakkkkssssttttnnnn.MemorizeWidget;
				PRODUCT_NAME = "$(TARGET_NAME)";
				SUPPORTED_PLATFORMS = "iphoneos iphonesimulator";
				SUPPORTS_MACCATALYST = NO;
				SUPPORTS_MAC_DESIGNED_FOR_IPHONE_IPAD = NO;
				SWIFT_EMIT_LOC_STRINGS = YES;
				SWIFT_VERSION = 5.0;
				TARGETED_DEVICE_FAMILY = "1,2";
			};
			name = Debug;
		};
		F5B5A46E28C6EDA3005B6E0F /* Release */ = {
			isa = XCBuildConfiguration;
			buildSettings = {
				ALWAYS_EMBED_SWIFT_STANDARD_LIBRARIES = YES;
				ASSETCATALOG_COMPILER_APPICON_NAME = AppIcon;
				ASSETCATALOG_COMPILER_GLOBAL_ACCENT_COLOR_NAME = AccentColor;
				CODE_SIGN_ENTITLEMENTS = MemorizeWidget/MemorizeWidget.entitlements;
				CODE_SIGN_STYLE = Automatic;
				CURRENT_PROJECT_VERSION = 4;
				DEVELOPMENT_ASSET_PATHS = "";
				DEVELOPMENT_TEAM = 6696GEY228;
				ENABLE_PREVIEWS = YES;
				GENERATE_INFOPLIST_FILE = YES;
				INFOPLIST_FILE = "MemorizeWidget/🧰Others/Info.plist";
				INFOPLIST_KEY_CFBundleDisplayName = MemorizeW;
				INFOPLIST_KEY_LSApplicationCategoryType = "public.app-category.education";
				INFOPLIST_KEY_UIApplicationSceneManifest_Generation = YES;
				INFOPLIST_KEY_UIApplicationSupportsIndirectInputEvents = YES;
				INFOPLIST_KEY_UILaunchScreen_Generation = YES;
				INFOPLIST_KEY_UILaunchStoryboardName = "Launch Screen.storyboard";
				INFOPLIST_KEY_UISupportedInterfaceOrientations_iPad = "UIInterfaceOrientationPortrait UIInterfaceOrientationPortraitUpsideDown UIInterfaceOrientationLandscapeLeft UIInterfaceOrientationLandscapeRight";
				INFOPLIST_KEY_UISupportedInterfaceOrientations_iPhone = "UIInterfaceOrientationPortrait UIInterfaceOrientationLandscapeLeft UIInterfaceOrientationLandscapeRight";
				IPHONEOS_DEPLOYMENT_TARGET = 15.6;
				LD_RUNPATH_SEARCH_PATHS = (
					"$(inherited)",
					"@executable_path/Frameworks",
				);
				MARKETING_VERSION = 1.1;
				PRODUCT_BUNDLE_IDENTIFIER = net.aaaakkkkssssttttnnnn.MemorizeWidget;
				PRODUCT_NAME = "$(TARGET_NAME)";
				SUPPORTED_PLATFORMS = "iphoneos iphonesimulator";
				SUPPORTS_MACCATALYST = NO;
				SUPPORTS_MAC_DESIGNED_FOR_IPHONE_IPAD = NO;
				SWIFT_EMIT_LOC_STRINGS = YES;
				SWIFT_VERSION = 5.0;
				TARGETED_DEVICE_FAMILY = "1,2";
			};
			name = Release;
		};
		F5D30CD528C6F6C9001198AF /* Debug */ = {
			isa = XCBuildConfiguration;
			buildSettings = {
				ASSETCATALOG_COMPILER_GLOBAL_ACCENT_COLOR_NAME = AccentColor;
				ASSETCATALOG_COMPILER_WIDGET_BACKGROUND_COLOR_NAME = WidgetBackground;
				CODE_SIGN_ENTITLEMENTS = MWWidget/MWWidgetExtension.entitlements;
				CODE_SIGN_STYLE = Automatic;
				CURRENT_PROJECT_VERSION = 4;
				DEVELOPMENT_TEAM = 6696GEY228;
				GENERATE_INFOPLIST_FILE = YES;
				INFOPLIST_FILE = MWWidget/Info.plist;
				INFOPLIST_KEY_CFBundleDisplayName = MWidget;
				INFOPLIST_KEY_NSHumanReadableCopyright = "";
				IPHONEOS_DEPLOYMENT_TARGET = 15.6;
				LD_RUNPATH_SEARCH_PATHS = (
					"$(inherited)",
					"@executable_path/Frameworks",
					"@executable_path/../../Frameworks",
				);
				MARKETING_VERSION = 1.1;
				PRODUCT_BUNDLE_IDENTIFIER = net.aaaakkkkssssttttnnnn.MemorizeWidget.MWWidget;
				PRODUCT_NAME = "$(TARGET_NAME)";
				SKIP_INSTALL = YES;
				SWIFT_EMIT_LOC_STRINGS = YES;
				SWIFT_VERSION = 5.0;
				TARGETED_DEVICE_FAMILY = "1,2";
			};
			name = Debug;
		};
		F5D30CD628C6F6C9001198AF /* Release */ = {
			isa = XCBuildConfiguration;
			buildSettings = {
				ASSETCATALOG_COMPILER_GLOBAL_ACCENT_COLOR_NAME = AccentColor;
				ASSETCATALOG_COMPILER_WIDGET_BACKGROUND_COLOR_NAME = WidgetBackground;
				CODE_SIGN_ENTITLEMENTS = MWWidget/MWWidgetExtension.entitlements;
				CODE_SIGN_STYLE = Automatic;
				CURRENT_PROJECT_VERSION = 4;
				DEVELOPMENT_TEAM = 6696GEY228;
				GENERATE_INFOPLIST_FILE = YES;
				INFOPLIST_FILE = MWWidget/Info.plist;
				INFOPLIST_KEY_CFBundleDisplayName = MWidget;
				INFOPLIST_KEY_NSHumanReadableCopyright = "";
				IPHONEOS_DEPLOYMENT_TARGET = 15.6;
				LD_RUNPATH_SEARCH_PATHS = (
					"$(inherited)",
					"@executable_path/Frameworks",
					"@executable_path/../../Frameworks",
				);
				MARKETING_VERSION = 1.1;
				PRODUCT_BUNDLE_IDENTIFIER = net.aaaakkkkssssttttnnnn.MemorizeWidget.MWWidget;
				PRODUCT_NAME = "$(TARGET_NAME)";
				SKIP_INSTALL = YES;
				SWIFT_EMIT_LOC_STRINGS = YES;
				SWIFT_VERSION = 5.0;
				TARGETED_DEVICE_FAMILY = "1,2";
			};
			name = Release;
		};
/* End XCBuildConfiguration section */

/* Begin XCConfigurationList section */
		F5B5A45928C6EDA1005B6E0F /* Build configuration list for PBXProject "MemorizeWidget" */ = {
			isa = XCConfigurationList;
			buildConfigurations = (
				F5B5A46A28C6EDA3005B6E0F /* Debug */,
				F5B5A46B28C6EDA3005B6E0F /* Release */,
			);
			defaultConfigurationIsVisible = 0;
			defaultConfigurationName = Release;
		};
		F5B5A46C28C6EDA3005B6E0F /* Build configuration list for PBXNativeTarget "MemorizeWidget" */ = {
			isa = XCConfigurationList;
			buildConfigurations = (
				F5B5A46D28C6EDA3005B6E0F /* Debug */,
				F5B5A46E28C6EDA3005B6E0F /* Release */,
			);
			defaultConfigurationIsVisible = 0;
			defaultConfigurationName = Release;
		};
		F5D30CD728C6F6C9001198AF /* Build configuration list for PBXNativeTarget "MWWidgetExtension" */ = {
			isa = XCConfigurationList;
			buildConfigurations = (
				F5D30CD528C6F6C9001198AF /* Debug */,
				F5D30CD628C6F6C9001198AF /* Release */,
			);
			defaultConfigurationIsVisible = 0;
			defaultConfigurationName = Release;
		};
/* End XCConfigurationList section */
	};
	rootObject = F5B5A45628C6EDA1005B6E0F /* Project object */;
}
